// !$*UTF8*$!
{
	archiveVersion = 1;
	classes = {
	};
	objectVersion = 50;
	objects = {

/* Begin PBXBuildFile section */
		7071362926C06D000090437B /* AppDelegate.swift in Sources */ = {isa = PBXBuildFile; fileRef = 7071362826C06D000090437B /* AppDelegate.swift */; };
		7071362B26C06D000090437B /* SceneDelegate.swift in Sources */ = {isa = PBXBuildFile; fileRef = 7071362A26C06D000090437B /* SceneDelegate.swift */; };
		7071363026C06D000090437B /* Main.storyboard in Resources */ = {isa = PBXBuildFile; fileRef = 7071362E26C06D000090437B /* Main.storyboard */; };
		7071363526C06D010090437B /* LaunchScreen.storyboard in Resources */ = {isa = PBXBuildFile; fileRef = 7071363326C06D010090437B /* LaunchScreen.storyboard */; };
		7071364226C072F00090437B /* SortViewController.swift in Sources */ = {isa = PBXBuildFile; fileRef = 7071364126C072F00090437B /* SortViewController.swift */; };
		7071364426C075D20090437B /* Assets.xcassets in Resources */ = {isa = PBXBuildFile; fileRef = 7071364326C075D20090437B /* Assets.xcassets */; };
		7071364926C0768D0090437B /* RouletteCell.swift in Sources */ = {isa = PBXBuildFile; fileRef = 7071364726C0768D0090437B /* RouletteCell.swift */; };
		7071364A26C0768D0090437B /* RouletteCell.xib in Resources */ = {isa = PBXBuildFile; fileRef = 7071364826C0768D0090437B /* RouletteCell.xib */; };
		7071364E26C078D70090437B /* UserCell.swift in Sources */ = {isa = PBXBuildFile; fileRef = 7071364C26C078D70090437B /* UserCell.swift */; };
		7071364F26C078D70090437B /* UserCell.xib in Resources */ = {isa = PBXBuildFile; fileRef = 7071364D26C078D70090437B /* UserCell.xib */; };
		7071365126C07CBA0090437B /* SortController.swift in Sources */ = {isa = PBXBuildFile; fileRef = 7071365026C07CBA0090437B /* SortController.swift */; };
		7071365426C07D1B0090437B /* Constants.swift in Sources */ = {isa = PBXBuildFile; fileRef = 7071365326C07D1B0090437B /* Constants.swift */; };
		7071365626C07DC00090437B /* User.swift in Sources */ = {isa = PBXBuildFile; fileRef = 7071365526C07DC00090437B /* User.swift */; };
		7071365926C084360090437B /* UIViewController+ext.swift in Sources */ = {isa = PBXBuildFile; fileRef = 7071365826C084360090437B /* UIViewController+ext.swift */; };
		7071365B26C088620090437B /* CheckoutViewController.swift in Sources */ = {isa = PBXBuildFile; fileRef = 7071365A26C088620090437B /* CheckoutViewController.swift */; };
		7071365D26C089B10090437B /* CheckoutController.swift in Sources */ = {isa = PBXBuildFile; fileRef = 7071365C26C089B10090437B /* CheckoutController.swift */; };
		7071366026C08A2B0090437B /* Account.json in Resources */ = {isa = PBXBuildFile; fileRef = 7071365F26C08A2B0090437B /* Account.json */; };
		7071366226C08A330090437B /* Historico.json in Resources */ = {isa = PBXBuildFile; fileRef = 7071366126C08A330090437B /* Historico.json */; };
		7071366426C08A6C0090437B /* Order.swift in Sources */ = {isa = PBXBuildFile; fileRef = 7071366326C08A6C0090437B /* Order.swift */; };
		7071366826C08EA90090437B /* OrderCell.swift in Sources */ = {isa = PBXBuildFile; fileRef = 7071366626C08EA90090437B /* OrderCell.swift */; };
		7071366926C08EA90090437B /* OrderCell.xib in Resources */ = {isa = PBXBuildFile; fileRef = 7071366726C08EA90090437B /* OrderCell.xib */; };
		7071366D26C092060090437B /* PaymentCell.swift in Sources */ = {isa = PBXBuildFile; fileRef = 7071366B26C092060090437B /* PaymentCell.swift */; };
		7071366E26C092060090437B /* PaymentCell.xib in Resources */ = {isa = PBXBuildFile; fileRef = 7071366C26C092060090437B /* PaymentCell.xib */; };
		7071367026C0AED80090437B /* ListViewController.swift in Sources */ = {isa = PBXBuildFile; fileRef = 7071366F26C0AED80090437B /* ListViewController.swift */; };
		7071367226C0AFFE0090437B /* ListController.swift in Sources */ = {isa = PBXBuildFile; fileRef = 7071367126C0AFFE0090437B /* ListController.swift */; };
		7071367426C0B03D0090437B /* List.swift in Sources */ = {isa = PBXBuildFile; fileRef = 7071367326C0B03D0090437B /* List.swift */; };
		70E1C90926C14CCF00057E5A /* AlertViewController.swift in Sources */ = {isa = PBXBuildFile; fileRef = 70E1C90726C14CCF00057E5A /* AlertViewController.swift */; };
		70E1C90A26C14CCF00057E5A /* AlertViewController.xib in Resources */ = {isa = PBXBuildFile; fileRef = 70E1C90826C14CCF00057E5A /* AlertViewController.xib */; };
/* End PBXBuildFile section */

/* Begin PBXFileReference section */
		7071362526C06D000090437B /* RoletaApp_dh.app */ = {isa = PBXFileReference; explicitFileType = wrapper.application; includeInIndex = 0; path = RoletaApp_dh.app; sourceTree = BUILT_PRODUCTS_DIR; };
		7071362826C06D000090437B /* AppDelegate.swift */ = {isa = PBXFileReference; lastKnownFileType = sourcecode.swift; path = AppDelegate.swift; sourceTree = "<group>"; };
		7071362A26C06D000090437B /* SceneDelegate.swift */ = {isa = PBXFileReference; lastKnownFileType = sourcecode.swift; path = SceneDelegate.swift; sourceTree = "<group>"; };
		7071362F26C06D000090437B /* Base */ = {isa = PBXFileReference; lastKnownFileType = file.storyboard; name = Base; path = Base.lproj/Main.storyboard; sourceTree = "<group>"; };
		7071363426C06D010090437B /* Base */ = {isa = PBXFileReference; lastKnownFileType = file.storyboard; name = Base; path = Base.lproj/LaunchScreen.storyboard; sourceTree = "<group>"; };
		7071363626C06D010090437B /* Info.plist */ = {isa = PBXFileReference; lastKnownFileType = text.plist.xml; name = Info.plist; path = RoletaApp_dh/Info.plist; sourceTree = SOURCE_ROOT; };
		7071364126C072F00090437B /* SortViewController.swift */ = {isa = PBXFileReference; lastKnownFileType = sourcecode.swift; path = SortViewController.swift; sourceTree = "<group>"; };
		7071364326C075D20090437B /* Assets.xcassets */ = {isa = PBXFileReference; lastKnownFileType = folder.assetcatalog; path = Assets.xcassets; sourceTree = "<group>"; };
		7071364726C0768D0090437B /* RouletteCell.swift */ = {isa = PBXFileReference; lastKnownFileType = sourcecode.swift; path = RouletteCell.swift; sourceTree = "<group>"; };
		7071364826C0768D0090437B /* RouletteCell.xib */ = {isa = PBXFileReference; lastKnownFileType = file.xib; path = RouletteCell.xib; sourceTree = "<group>"; };
		7071364C26C078D70090437B /* UserCell.swift */ = {isa = PBXFileReference; lastKnownFileType = sourcecode.swift; path = UserCell.swift; sourceTree = "<group>"; };
		7071364D26C078D70090437B /* UserCell.xib */ = {isa = PBXFileReference; lastKnownFileType = file.xib; path = UserCell.xib; sourceTree = "<group>"; };
		7071365026C07CBA0090437B /* SortController.swift */ = {isa = PBXFileReference; lastKnownFileType = sourcecode.swift; path = SortController.swift; sourceTree = "<group>"; };
		7071365326C07D1B0090437B /* Constants.swift */ = {isa = PBXFileReference; lastKnownFileType = sourcecode.swift; path = Constants.swift; sourceTree = "<group>"; };
		7071365526C07DC00090437B /* User.swift */ = {isa = PBXFileReference; lastKnownFileType = sourcecode.swift; path = User.swift; sourceTree = "<group>"; };
		7071365826C084360090437B /* UIViewController+ext.swift */ = {isa = PBXFileReference; lastKnownFileType = sourcecode.swift; path = "UIViewController+ext.swift"; sourceTree = "<group>"; };
		7071365A26C088620090437B /* CheckoutViewController.swift */ = {isa = PBXFileReference; lastKnownFileType = sourcecode.swift; path = CheckoutViewController.swift; sourceTree = "<group>"; };
		7071365C26C089B10090437B /* CheckoutController.swift */ = {isa = PBXFileReference; lastKnownFileType = sourcecode.swift; path = CheckoutController.swift; sourceTree = "<group>"; };
		7071365F26C08A2B0090437B /* Account.json */ = {isa = PBXFileReference; fileEncoding = 4; lastKnownFileType = text.json; path = Account.json; sourceTree = "<group>"; };
		7071366126C08A330090437B /* Historico.json */ = {isa = PBXFileReference; fileEncoding = 4; lastKnownFileType = text.json; path = Historico.json; sourceTree = "<group>"; };
		7071366326C08A6C0090437B /* Order.swift */ = {isa = PBXFileReference; lastKnownFileType = sourcecode.swift; path = Order.swift; sourceTree = "<group>"; };
		7071366626C08EA90090437B /* OrderCell.swift */ = {isa = PBXFileReference; lastKnownFileType = sourcecode.swift; path = OrderCell.swift; sourceTree = "<group>"; };
		7071366726C08EA90090437B /* OrderCell.xib */ = {isa = PBXFileReference; lastKnownFileType = file.xib; path = OrderCell.xib; sourceTree = "<group>"; };
		7071366B26C092060090437B /* PaymentCell.swift */ = {isa = PBXFileReference; lastKnownFileType = sourcecode.swift; path = PaymentCell.swift; sourceTree = "<group>"; };
		7071366C26C092060090437B /* PaymentCell.xib */ = {isa = PBXFileReference; lastKnownFileType = file.xib; path = PaymentCell.xib; sourceTree = "<group>"; };
		7071366F26C0AED80090437B /* ListViewController.swift */ = {isa = PBXFileReference; lastKnownFileType = sourcecode.swift; path = ListViewController.swift; sourceTree = "<group>"; };
		7071367126C0AFFE0090437B /* ListController.swift */ = {isa = PBXFileReference; lastKnownFileType = sourcecode.swift; path = ListController.swift; sourceTree = "<group>"; };
		7071367326C0B03D0090437B /* List.swift */ = {isa = PBXFileReference; lastKnownFileType = sourcecode.swift; path = List.swift; sourceTree = "<group>"; };
		70E1C90726C14CCF00057E5A /* AlertViewController.swift */ = {isa = PBXFileReference; lastKnownFileType = sourcecode.swift; path = AlertViewController.swift; sourceTree = "<group>"; };
		70E1C90826C14CCF00057E5A /* AlertViewController.xib */ = {isa = PBXFileReference; lastKnownFileType = file.xib; path = AlertViewController.xib; sourceTree = "<group>"; };
/* End PBXFileReference section */

/* Begin PBXFrameworksBuildPhase section */
		7071362226C06D000090437B /* Frameworks */ = {
			isa = PBXFrameworksBuildPhase;
			buildActionMask = 2147483647;
			files = (
			);
			runOnlyForDeploymentPostprocessing = 0;
		};
/* End PBXFrameworksBuildPhase section */

/* Begin PBXGroup section */
		7071361C26C06D000090437B = {
			isa = PBXGroup;
			children = (
				7071362726C06D000090437B /* RoletaApp_dh */,
				7071362626C06D000090437B /* Products */,
			);
			sourceTree = "<group>";
		};
		7071362626C06D000090437B /* Products */ = {
			isa = PBXGroup;
			children = (
				7071362526C06D000090437B /* RoletaApp_dh.app */,
			);
			name = Products;
			sourceTree = "<group>";
		};
		7071362726C06D000090437B /* RoletaApp_dh */ = {
			isa = PBXGroup;
			children = (
				7071363D26C072B80090437B /* Model */,
				7071363E26C072BF0090437B /* View */,
				7071363F26C072C40090437B /* Controller */,
				7071365726C0840F0090437B /* Extensions */,
				7071363626C06D010090437B /* Info.plist */,
				7071365E26C089E60090437B /* Resource */,
				7071363C26C06DCA0090437B /* Support */,
				7071365226C07CF70090437B /* Utilities */,
			);
			path = RoletaApp_dh;
			sourceTree = "<group>";
		};
		7071363C26C06DCA0090437B /* Support */ = {
			isa = PBXGroup;
			children = (
				7071364326C075D20090437B /* Assets.xcassets */,
				7071363326C06D010090437B /* LaunchScreen.storyboard */,
				7071362A26C06D000090437B /* SceneDelegate.swift */,
				7071362826C06D000090437B /* AppDelegate.swift */,
			);
			path = Support;
			sourceTree = "<group>";
		};
		7071363D26C072B80090437B /* Model */ = {
			isa = PBXGroup;
			children = (
				7071365526C07DC00090437B /* User.swift */,
				7071366326C08A6C0090437B /* Order.swift */,
				7071367326C0B03D0090437B /* List.swift */,
			);
			path = Model;
			sourceTree = "<group>";
		};
		7071363E26C072BF0090437B /* View */ = {
			isa = PBXGroup;
			children = (
				7071364526C076690090437B /* Cells */,
				7071364026C072CE0090437B /* Storyboard */,
				7071364126C072F00090437B /* SortViewController.swift */,
				7071365A26C088620090437B /* CheckoutViewController.swift */,
				7071366F26C0AED80090437B /* ListViewController.swift */,
			);
			path = View;
			sourceTree = "<group>";
		};
		7071363F26C072C40090437B /* Controller */ = {
			isa = PBXGroup;
			children = (
				7071365026C07CBA0090437B /* SortController.swift */,
				7071365C26C089B10090437B /* CheckoutController.swift */,
				7071367126C0AFFE0090437B /* ListController.swift */,
			);
			path = Controller;
			sourceTree = "<group>";
		};
		7071364026C072CE0090437B /* Storyboard */ = {
			isa = PBXGroup;
			children = (
				7071362E26C06D000090437B /* Main.storyboard */,
			);
			path = Storyboard;
			sourceTree = "<group>";
		};
		7071364526C076690090437B /* Cells */ = {
			isa = PBXGroup;
			children = (
				7071366526C08E8F0090437B /* OrderCell */,
				7071366A26C091EA0090437B /* PaymentCell */,
				7071364626C076730090437B /* RouletteCell */,
				7071364B26C078C50090437B /* UserCell */,
			);
			path = Cells;
			sourceTree = "<group>";
		};
		7071364626C076730090437B /* RouletteCell */ = {
			isa = PBXGroup;
			children = (
				7071364726C0768D0090437B /* RouletteCell.swift */,
				7071364826C0768D0090437B /* RouletteCell.xib */,
			);
			path = RouletteCell;
			sourceTree = "<group>";
		};
		7071364B26C078C50090437B /* UserCell */ = {
			isa = PBXGroup;
			children = (
				7071364C26C078D70090437B /* UserCell.swift */,
				7071364D26C078D70090437B /* UserCell.xib */,
			);
			path = UserCell;
			sourceTree = "<group>";
		};
		7071365226C07CF70090437B /* Utilities */ = {
			isa = PBXGroup;
			children = (
				7071365326C07D1B0090437B /* Constants.swift */,
			);
			path = Utilities;
			sourceTree = "<group>";
		};
		7071365726C0840F0090437B /* Extensions */ = {
			isa = PBXGroup;
			children = (
				70E1C90626C14CAD00057E5A /* Shared */,
				7071365826C084360090437B /* UIViewController+ext.swift */,
			);
			path = Extensions;
			sourceTree = "<group>";
		};
		7071365E26C089E60090437B /* Resource */ = {
			isa = PBXGroup;
			children = (
				7071366126C08A330090437B /* Historico.json */,
				7071365F26C08A2B0090437B /* Account.json */,
			);
			path = Resource;
			sourceTree = "<group>";
		};
		7071366526C08E8F0090437B /* OrderCell */ = {
			isa = PBXGroup;
			children = (
				7071366626C08EA90090437B /* OrderCell.swift */,
				7071366726C08EA90090437B /* OrderCell.xib */,
			);
			path = OrderCell;
			sourceTree = "<group>";
		};
		7071366A26C091EA0090437B /* PaymentCell */ = {
			isa = PBXGroup;
			children = (
				7071366B26C092060090437B /* PaymentCell.swift */,
				7071366C26C092060090437B /* PaymentCell.xib */,
			);
			path = PaymentCell;
			sourceTree = "<group>";
		};
		70E1C90626C14CAD00057E5A /* Shared */ = {
			isa = PBXGroup;
			children = (
				70E1C90726C14CCF00057E5A /* AlertViewController.swift */,
				70E1C90826C14CCF00057E5A /* AlertViewController.xib */,
			);
			path = Shared;
			sourceTree = "<group>";
		};
/* End PBXGroup section */

/* Begin PBXNativeTarget section */
		7071362426C06D000090437B /* RoletaApp_dh */ = {
			isa = PBXNativeTarget;
			buildConfigurationList = 7071363926C06D010090437B /* Build configuration list for PBXNativeTarget "RoletaApp_dh" */;
			buildPhases = (
				7071362126C06D000090437B /* Sources */,
				7071362226C06D000090437B /* Frameworks */,
				7071362326C06D000090437B /* Resources */,
			);
			buildRules = (
			);
			dependencies = (
			);
			name = RoletaApp_dh;
			productName = RoletaApp_dh;
			productReference = 7071362526C06D000090437B /* RoletaApp_dh.app */;
			productType = "com.apple.product-type.application";
		};
/* End PBXNativeTarget section */

/* Begin PBXProject section */
		7071361D26C06D000090437B /* Project object */ = {
			isa = PBXProject;
			attributes = {
				LastSwiftUpdateCheck = 1250;
				LastUpgradeCheck = 1250;
				TargetAttributes = {
					7071362426C06D000090437B = {
						CreatedOnToolsVersion = 12.5.1;
					};
				};
			};
			buildConfigurationList = 7071362026C06D000090437B /* Build configuration list for PBXProject "RoletaApp_dh" */;
			compatibilityVersion = "Xcode 9.3";
			developmentRegion = en;
			hasScannedForEncodings = 0;
			knownRegions = (
				en,
				Base,
			);
			mainGroup = 7071361C26C06D000090437B;
			productRefGroup = 7071362626C06D000090437B /* Products */;
			projectDirPath = "";
			projectRoot = "";
			targets = (
				7071362426C06D000090437B /* RoletaApp_dh */,
			);
		};
/* End PBXProject section */

/* Begin PBXResourcesBuildPhase section */
		7071362326C06D000090437B /* Resources */ = {
			isa = PBXResourcesBuildPhase;
			buildActionMask = 2147483647;
			files = (
				7071363526C06D010090437B /* LaunchScreen.storyboard in Resources */,
				7071364A26C0768D0090437B /* RouletteCell.xib in Resources */,
				7071366926C08EA90090437B /* OrderCell.xib in Resources */,
				7071366226C08A330090437B /* Historico.json in Resources */,
				7071364426C075D20090437B /* Assets.xcassets in Resources */,
				7071366E26C092060090437B /* PaymentCell.xib in Resources */,
				7071366026C08A2B0090437B /* Account.json in Resources */,
				7071363026C06D000090437B /* Main.storyboard in Resources */,
				7071364F26C078D70090437B /* UserCell.xib in Resources */,
				70E1C90A26C14CCF00057E5A /* AlertViewController.xib in Resources */,
			);
			runOnlyForDeploymentPostprocessing = 0;
		};
/* End PBXResourcesBuildPhase section */

/* Begin PBXSourcesBuildPhase section */
		7071362126C06D000090437B /* Sources */ = {
			isa = PBXSourcesBuildPhase;
			buildActionMask = 2147483647;
			files = (
				7071362926C06D000090437B /* AppDelegate.swift in Sources */,
				7071364926C0768D0090437B /* RouletteCell.swift in Sources */,
				7071362B26C06D000090437B /* SceneDelegate.swift in Sources */,
				7071365926C084360090437B /* UIViewController+ext.swift in Sources */,
				7071366D26C092060090437B /* PaymentCell.swift in Sources */,
				7071365126C07CBA0090437B /* SortController.swift in Sources */,
				7071365626C07DC00090437B /* User.swift in Sources */,
				7071366826C08EA90090437B /* OrderCell.swift in Sources */,
				7071367026C0AED80090437B /* ListViewController.swift in Sources */,
				7071366426C08A6C0090437B /* Order.swift in Sources */,
				7071367426C0B03D0090437B /* List.swift in Sources */,
				7071365426C07D1B0090437B /* Constants.swift in Sources */,
				7071364E26C078D70090437B /* UserCell.swift in Sources */,
				70E1C90926C14CCF00057E5A /* AlertViewController.swift in Sources */,
				7071365D26C089B10090437B /* CheckoutController.swift in Sources */,
				7071365B26C088620090437B /* CheckoutViewController.swift in Sources */,
				7071364226C072F00090437B /* SortViewController.swift in Sources */,
				7071367226C0AFFE0090437B /* ListController.swift in Sources */,
			);
			runOnlyForDeploymentPostprocessing = 0;
		};
/* End PBXSourcesBuildPhase section */

/* Begin PBXVariantGroup section */
		7071362E26C06D000090437B /* Main.storyboard */ = {
			isa = PBXVariantGroup;
			children = (
				7071362F26C06D000090437B /* Base */,
			);
			name = Main.storyboard;
			sourceTree = "<group>";
		};
		7071363326C06D010090437B /* LaunchScreen.storyboard */ = {
			isa = PBXVariantGroup;
			children = (
				7071363426C06D010090437B /* Base */,
			);
			name = LaunchScreen.storyboard;
			sourceTree = "<group>";
		};
/* End PBXVariantGroup section */

/* Begin XCBuildConfiguration section */
		7071363726C06D010090437B /* Debug */ = {
			isa = XCBuildConfiguration;
			buildSettings = {
				ALWAYS_SEARCH_USER_PATHS = NO;
				CLANG_ANALYZER_NONNULL = YES;
				CLANG_ANALYZER_NUMBER_OBJECT_CONVERSION = YES_AGGRESSIVE;
				CLANG_CXX_LANGUAGE_STANDARD = "gnu++14";
				CLANG_CXX_LIBRARY = "libc++";
				CLANG_ENABLE_MODULES = YES;
				CLANG_ENABLE_OBJC_ARC = YES;
				CLANG_ENABLE_OBJC_WEAK = YES;
				CLANG_WARN_BLOCK_CAPTURE_AUTORELEASING = YES;
				CLANG_WARN_BOOL_CONVERSION = YES;
				CLANG_WARN_COMMA = YES;
				CLANG_WARN_CONSTANT_CONVERSION = YES;
				CLANG_WARN_DEPRECATED_OBJC_IMPLEMENTATIONS = YES;
				CLANG_WARN_DIRECT_OBJC_ISA_USAGE = YES_ERROR;
				CLANG_WARN_DOCUMENTATION_COMMENTS = YES;
				CLANG_WARN_EMPTY_BODY = YES;
				CLANG_WARN_ENUM_CONVERSION = YES;
				CLANG_WARN_INFINITE_RECURSION = YES;
				CLANG_WARN_INT_CONVERSION = YES;
				CLANG_WARN_NON_LITERAL_NULL_CONVERSION = YES;
				CLANG_WARN_OBJC_IMPLICIT_RETAIN_SELF = YES;
				CLANG_WARN_OBJC_LITERAL_CONVERSION = YES;
				CLANG_WARN_OBJC_ROOT_CLASS = YES_ERROR;
				CLANG_WARN_QUOTED_INCLUDE_IN_FRAMEWORK_HEADER = YES;
				CLANG_WARN_RANGE_LOOP_ANALYSIS = YES;
				CLANG_WARN_STRICT_PROTOTYPES = YES;
				CLANG_WARN_SUSPICIOUS_MOVE = YES;
				CLANG_WARN_UNGUARDED_AVAILABILITY = YES_AGGRESSIVE;
				CLANG_WARN_UNREACHABLE_CODE = YES;
				CLANG_WARN__DUPLICATE_METHOD_MATCH = YES;
				COPY_PHASE_STRIP = NO;
				DEBUG_INFORMATION_FORMAT = dwarf;
				ENABLE_STRICT_OBJC_MSGSEND = YES;
				ENABLE_TESTABILITY = YES;
				GCC_C_LANGUAGE_STANDARD = gnu11;
				GCC_DYNAMIC_NO_PIC = NO;
				GCC_NO_COMMON_BLOCKS = YES;
				GCC_OPTIMIZATION_LEVEL = 0;
				GCC_PREPROCESSOR_DEFINITIONS = (
					"DEBUG=1",
					"$(inherited)",
				);
				GCC_WARN_64_TO_32_BIT_CONVERSION = YES;
				GCC_WARN_ABOUT_RETURN_TYPE = YES_ERROR;
				GCC_WARN_UNDECLARED_SELECTOR = YES;
				GCC_WARN_UNINITIALIZED_AUTOS = YES_AGGRESSIVE;
				GCC_WARN_UNUSED_FUNCTION = YES;
				GCC_WARN_UNUSED_VARIABLE = YES;
				INFOPLIST_FILE = RoletaApp_dh/Support/Info.plist;
				IPHONEOS_DEPLOYMENT_TARGET = 14.5;
				MTL_ENABLE_DEBUG_INFO = INCLUDE_SOURCE;
				MTL_FAST_MATH = YES;
				ONLY_ACTIVE_ARCH = YES;
				SDKROOT = iphoneos;
				SWIFT_ACTIVE_COMPILATION_CONDITIONS = DEBUG;
				SWIFT_OPTIMIZATION_LEVEL = "-Onone";
			};
			name = Debug;
		};
		7071363826C06D010090437B /* Release */ = {
			isa = XCBuildConfiguration;
			buildSettings = {
				ALWAYS_SEARCH_USER_PATHS = NO;
				CLANG_ANALYZER_NONNULL = YES;
				CLANG_ANALYZER_NUMBER_OBJECT_CONVERSION = YES_AGGRESSIVE;
				CLANG_CXX_LANGUAGE_STANDARD = "gnu++14";
				CLANG_CXX_LIBRARY = "libc++";
				CLANG_ENABLE_MODULES = YES;
				CLANG_ENABLE_OBJC_ARC = YES;
				CLANG_ENABLE_OBJC_WEAK = YES;
				CLANG_WARN_BLOCK_CAPTURE_AUTORELEASING = YES;
				CLANG_WARN_BOOL_CONVERSION = YES;
				CLANG_WARN_COMMA = YES;
				CLANG_WARN_CONSTANT_CONVERSION = YES;
				CLANG_WARN_DEPRECATED_OBJC_IMPLEMENTATIONS = YES;
				CLANG_WARN_DIRECT_OBJC_ISA_USAGE = YES_ERROR;
				CLANG_WARN_DOCUMENTATION_COMMENTS = YES;
				CLANG_WARN_EMPTY_BODY = YES;
				CLANG_WARN_ENUM_CONVERSION = YES;
				CLANG_WARN_INFINITE_RECURSION = YES;
				CLANG_WARN_INT_CONVERSION = YES;
				CLANG_WARN_NON_LITERAL_NULL_CONVERSION = YES;
				CLANG_WARN_OBJC_IMPLICIT_RETAIN_SELF = YES;
				CLANG_WARN_OBJC_LITERAL_CONVERSION = YES;
				CLANG_WARN_OBJC_ROOT_CLASS = YES_ERROR;
				CLANG_WARN_QUOTED_INCLUDE_IN_FRAMEWORK_HEADER = YES;
				CLANG_WARN_RANGE_LOOP_ANALYSIS = YES;
				CLANG_WARN_STRICT_PROTOTYPES = YES;
				CLANG_WARN_SUSPICIOUS_MOVE = YES;
				CLANG_WARN_UNGUARDED_AVAILABILITY = YES_AGGRESSIVE;
				CLANG_WARN_UNREACHABLE_CODE = YES;
				CLANG_WARN__DUPLICATE_METHOD_MATCH = YES;
				COPY_PHASE_STRIP = NO;
				DEBUG_INFORMATION_FORMAT = "dwarf-with-dsym";
				ENABLE_NS_ASSERTIONS = NO;
				ENABLE_STRICT_OBJC_MSGSEND = YES;
				GCC_C_LANGUAGE_STANDARD = gnu11;
				GCC_NO_COMMON_BLOCKS = YES;
				GCC_WARN_64_TO_32_BIT_CONVERSION = YES;
				GCC_WARN_ABOUT_RETURN_TYPE = YES_ERROR;
				GCC_WARN_UNDECLARED_SELECTOR = YES;
				GCC_WARN_UNINITIALIZED_AUTOS = YES_AGGRESSIVE;
				GCC_WARN_UNUSED_FUNCTION = YES;
				GCC_WARN_UNUSED_VARIABLE = YES;
				INFOPLIST_FILE = RoletaApp_dh/Support/Info.plist;
				IPHONEOS_DEPLOYMENT_TARGET = 14.5;
				MTL_ENABLE_DEBUG_INFO = NO;
				MTL_FAST_MATH = YES;
				SDKROOT = iphoneos;
				SWIFT_COMPILATION_MODE = wholemodule;
				SWIFT_OPTIMIZATION_LEVEL = "-O";
				VALIDATE_PRODUCT = YES;
			};
			name = Release;
		};
		7071363A26C06D010090437B /* Debug */ = {
			isa = XCBuildConfiguration;
			buildSettings = {
				ASSETCATALOG_COMPILER_APPICON_NAME = AppIcon;
				ASSETCATALOG_COMPILER_GLOBAL_ACCENT_COLOR_NAME = AccentColor;
				CODE_SIGN_STYLE = Automatic;
				DEVELOPMENT_TEAM = 5CZRT4FG7H;
				INFOPLIST_FILE = RoletaApp_dh/Info.plist;
				LD_RUNPATH_SEARCH_PATHS = (
					"$(inherited)",
					"@executable_path/Frameworks",
				);
				PRODUCT_BUNDLE_IDENTIFIER = "com.brunadrago.RoletaApp-dh";
				PRODUCT_NAME = "$(TARGET_NAME)";
				SWIFT_VERSION = 5.0;
				TARGETED_DEVICE_FAMILY = "1,2";
			};
			name = Debug;
		};
		7071363B26C06D010090437B /* Release */ = {
			isa = XCBuildConfiguration;
			buildSettings = {
				ASSETCATALOG_COMPILER_APPICON_NAME = AppIcon;
				ASSETCATALOG_COMPILER_GLOBAL_ACCENT_COLOR_NAME = AccentColor;
				CODE_SIGN_STYLE = Automatic;
				DEVELOPMENT_TEAM = 5CZRT4FG7H;
				INFOPLIST_FILE = RoletaApp_dh/Info.plist;
				LD_RUNPATH_SEARCH_PATHS = (
					"$(inherited)",
					"@executable_path/Frameworks",
				);
				PRODUCT_BUNDLE_IDENTIFIER = "com.brunadrago.RoletaApp-dh";
				PRODUCT_NAME = "$(TARGET_NAME)";
				SWIFT_VERSION = 5.0;
				TARGETED_DEVICE_FAMILY = "1,2";
			};
			name = Release;
		};
/* End XCBuildConfiguration section */

/* Begin XCConfigurationList section */
		7071362026C06D000090437B /* Build configuration list for PBXProject "RoletaApp_dh" */ = {
			isa = XCConfigurationList;
			buildConfigurations = (
				7071363726C06D010090437B /* Debug */,
				7071363826C06D010090437B /* Release */,
			);
			defaultConfigurationIsVisible = 0;
			defaultConfigurationName = Release;
		};
		7071363926C06D010090437B /* Build configuration list for PBXNativeTarget "RoletaApp_dh" */ = {
			isa = XCConfigurationList;
			buildConfigurations = (
				7071363A26C06D010090437B /* Debug */,
				7071363B26C06D010090437B /* Release */,
			);
			defaultConfigurationIsVisible = 0;
			defaultConfigurationName = Release;
		};
/* End XCConfigurationList section */
	};
	rootObject = 7071361D26C06D000090437B /* Project object */;
}
